
Microsoft Visual Studio Solution File, Format Version 12.00
# Visual Studio Version 17
VisualStudioVersion = 17.5.33424.131
MinimumVisualStudioVersion = 10.0.40219.1
Project("{FAE04EC0-301F-11D3-BF4B-00C04F79EFBC}") = "PIU", "PIU.csproj", "{5EF959FA-9BD1-43A3-B207-86DF8C7EC1F8}"
EndProject
Project("{FAE04EC0-301F-11D3-BF4B-00C04F79EFBC}") = "BileteLibrary", "..\BileteLibrary\BileteLibrary.csproj", "{1C4AD679-8E9F-4475-A521-7CD9152A0F66}"
EndProject
Project("{FAE04EC0-301F-11D3-BF4B-00C04F79EFBC}") = "BileteMgm", "..\BeleteMgm\BileteMgm.csproj", "{288787ED-16AA-4659-B073-895094170591}"
EndProject
Project("{FAE04EC0-301F-11D3-BF4B-00C04F79EFBC}") = "BileteUI", "..\BileteUI\BileteUI.csproj", "{5682AC4E-2DF5-44CA-9587-EB8903DA0270}"
EndProject
Global
	GlobalSection(SolutionConfigurationPlatforms) = preSolution
		Debug|Any CPU = Debug|Any CPU
		Release|Any CPU = Release|Any CPU
	EndGlobalSection
	GlobalSection(ProjectConfigurationPlatforms) = postSolution
		{5EF959FA-9BD1-43A3-B207-86DF8C7EC1F8}.Debug|Any CPU.ActiveCfg = Debug|Any CPU
		{5EF959FA-9BD1-43A3-B207-86DF8C7EC1F8}.Debug|Any CPU.Build.0 = Debug|Any CPU
		{5EF959FA-9BD1-43A3-B207-86DF8C7EC1F8}.Release|Any CPU.ActiveCfg = Release|Any CPU
		{5EF959FA-9BD1-43A3-B207-86DF8C7EC1F8}.Release|Any CPU.Build.0 = Release|Any CPU
		{1C4AD679-8E9F-4475-A521-7CD9152A0F66}.Debug|Any CPU.ActiveCfg = Debug|Any CPU
		{1C4AD679-8E9F-4475-A521-7CD9152A0F66}.Debug|Any CPU.Build.0 = Debug|Any CPU
		{1C4AD679-8E9F-4475-A521-7CD9152A0F66}.Release|Any CPU.ActiveCfg = Release|Any CPU
		{1C4AD679-8E9F-4475-A521-7CD9152A0F66}.Release|Any CPU.Build.0 = Release|Any CPU
		{288787ED-16AA-4659-B073-895094170591}.Debug|Any CPU.ActiveCfg = Debug|Any CPU
		{288787ED-16AA-4659-B073-895094170591}.Debug|Any CPU.Build.0 = Debug|Any CPU
		{288787ED-16AA-4659-B073-895094170591}.Release|Any CPU.ActiveCfg = Release|Any CPU
		{288787ED-16AA-4659-B073-895094170591}.Release|Any CPU.Build.0 = Release|Any CPU
		{5682AC4E-2DF5-44CA-9587-EB8903DA0270}.Debug|Any CPU.ActiveCfg = Debug|Any CPU
		{5682AC4E-2DF5-44CA-9587-EB8903DA0270}.Debug|Any CPU.Build.0 = Debug|Any CPU
		{5682AC4E-2DF5-44CA-9587-EB8903DA0270}.Release|Any CPU.ActiveCfg = Release|Any CPU
		{5682AC4E-2DF5-44CA-9587-EB8903DA0270}.Release|Any CPU.Build.0 = Release|Any CPU
	EndGlobalSection
	GlobalSection(SolutionProperties) = preSolution
		HideSolutionNode = FALSE
	EndGlobalSection
	GlobalSection(ExtensibilityGlobals) = postSolution
		SolutionGuid = {7756D766-928A-4C67-9571-E98331FFE3D8}
	EndGlobalSection
EndGlobal
